
Microsoft Visual Studio Solution File, Format Version 12.00
# Visual Studio 15
VisualStudioVersion = 15.0.28010.2046
MinimumVisualStudioVersion = 10.0.40219.1
Project("{9A19103F-16F7-4668-BE54-9A1E7A4F7556}") = "CodeFirstCoreDemo", "CodeFirstCoreDemo\CodeFirstCoreDemo.csproj", "{959092B7-8821-421A-BFA0-785DC8A9D1AD}"
EndProject
Project("{9A19103F-16F7-4668-BE54-9A1E7A4F7556}") = "DataModel", "DataModel\DataModel.csproj", "{4DDDCCB2-89D9-4025-8003-3A1EB487203C}"
EndProject
Project("{9A19103F-16F7-4668-BE54-9A1E7A4F7556}") = "XUnitTestProject", "XUnitTestProject\XUnitTestProject.csproj", "{695CB2F2-E1BA-42B1-9D00-6B4FA2364750}"
EndProject
Project("{FAE04EC0-301F-11D3-BF4B-00C04F79EFBC}") = "MSUnitTestProject", "MSUnitTestProject\MSUnitTestProject.csproj", "{2BF1E472-2728-40DD-99BC-F78C7324F097}"
EndProject
Project("{FAE04EC0-301F-11D3-BF4B-00C04F79EFBC}") = "NUnitTestProject", "NUnitTestProject1\NUnitTestProject.csproj", "{D45F9906-7DC0-47CA-A017-9709821B4EDE}"
EndProject
Global
	GlobalSection(SolutionConfigurationPlatforms) = preSolution
		Debug|Any CPU = Debug|Any CPU
		Release|Any CPU = Release|Any CPU
	EndGlobalSection
	GlobalSection(ProjectConfigurationPlatforms) = postSolution
		{959092B7-8821-421A-BFA0-785DC8A9D1AD}.Debug|Any CPU.ActiveCfg = Debug|Any CPU
		{959092B7-8821-421A-BFA0-785DC8A9D1AD}.Debug|Any CPU.Build.0 = Debug|Any CPU
		{959092B7-8821-421A-BFA0-785DC8A9D1AD}.Release|Any CPU.ActiveCfg = Release|Any CPU
		{959092B7-8821-421A-BFA0-785DC8A9D1AD}.Release|Any CPU.Build.0 = Release|Any CPU
		{4DDDCCB2-89D9-4025-8003-3A1EB487203C}.Debug|Any CPU.ActiveCfg = Debug|Any CPU
		{4DDDCCB2-89D9-4025-8003-3A1EB487203C}.Debug|Any CPU.Build.0 = Debug|Any CPU
		{4DDDCCB2-89D9-4025-8003-3A1EB487203C}.Release|Any CPU.ActiveCfg = Release|Any CPU
		{4DDDCCB2-89D9-4025-8003-3A1EB487203C}.Release|Any CPU.Build.0 = Release|Any CPU
		{695CB2F2-E1BA-42B1-9D00-6B4FA2364750}.Debug|Any CPU.ActiveCfg = Debug|Any CPU
		{695CB2F2-E1BA-42B1-9D00-6B4FA2364750}.Debug|Any CPU.Build.0 = Debug|Any CPU
		{695CB2F2-E1BA-42B1-9D00-6B4FA2364750}.Release|Any CPU.ActiveCfg = Release|Any CPU
		{695CB2F2-E1BA-42B1-9D00-6B4FA2364750}.Release|Any CPU.Build.0 = Release|Any CPU
		{2BF1E472-2728-40DD-99BC-F78C7324F097}.Debug|Any CPU.ActiveCfg = Debug|Any CPU
		{2BF1E472-2728-40DD-99BC-F78C7324F097}.Debug|Any CPU.Build.0 = Debug|Any CPU
		{2BF1E472-2728-40DD-99BC-F78C7324F097}.Release|Any CPU.ActiveCfg = Release|Any CPU
		{2BF1E472-2728-40DD-99BC-F78C7324F097}.Release|Any CPU.Build.0 = Release|Any CPU
		{D45F9906-7DC0-47CA-A017-9709821B4EDE}.Debug|Any CPU.ActiveCfg = Debug|Any CPU
		{D45F9906-7DC0-47CA-A017-9709821B4EDE}.Debug|Any CPU.Build.0 = Debug|Any CPU
		{D45F9906-7DC0-47CA-A017-9709821B4EDE}.Release|Any CPU.ActiveCfg = Release|Any CPU
		{D45F9906-7DC0-47CA-A017-9709821B4EDE}.Release|Any CPU.Build.0 = Release|Any CPU
	EndGlobalSection
	GlobalSection(SolutionProperties) = preSolution
		HideSolutionNode = FALSE
	EndGlobalSection
	GlobalSection(ExtensibilityGlobals) = postSolution
		SolutionGuid = {8542210D-8014-4190-A482-0E17BA46DFAA}
	EndGlobalSection
EndGlobal
